
Microsoft Visual Studio Solution File, Format Version 12.00
# Visual Studio 14
VisualStudioVersion = 14.0.23107.0
MinimumVisualStudioVersion = 10.0.40219.1
Project("{FAE04EC0-301F-11D3-BF4B-00C04F79EFBC}") = "CSharpx", "src\CSharpx\CSharpx.csproj", "{6FE30F6D-7261-40B3-AD8A-400BF2DF858B}"
EndProject
Project("{FAE04EC0-301F-11D3-BF4B-00C04F79EFBC}") = "CSharpx.Tests", "tests\CSharpx.Tests\CSharpx.Tests.csproj", "{B8B6A460-86F2-4CD8-AD09-7C73D08089AF}"
EndProject
Global
	GlobalSection(SolutionConfigurationPlatforms) = preSolution
		Debug|Any CPU = Debug|Any CPU
		Release|Any CPU = Release|Any CPU
	EndGlobalSection
	GlobalSection(ProjectConfigurationPlatforms) = postSolution
		{6FE30F6D-7261-40B3-AD8A-400BF2DF858B}.Debug|Any CPU.ActiveCfg = Debug|Any CPU
		{6FE30F6D-7261-40B3-AD8A-400BF2DF858B}.Debug|Any CPU.Build.0 = Debug|Any CPU
		{6FE30F6D-7261-40B3-AD8A-400BF2DF858B}.Release|Any CPU.ActiveCfg = Release|Any CPU
		{6FE30F6D-7261-40B3-AD8A-400BF2DF858B}.Release|Any CPU.Build.0 = Release|Any CPU
		{B8B6A460-86F2-4CD8-AD09-7C73D08089AF}.Debug|Any CPU.ActiveCfg = Debug|Any CPU
		{B8B6A460-86F2-4CD8-AD09-7C73D08089AF}.Debug|Any CPU.Build.0 = Debug|Any CPU
		{B8B6A460-86F2-4CD8-AD09-7C73D08089AF}.Release|Any CPU.ActiveCfg = Release|Any CPU
		{B8B6A460-86F2-4CD8-AD09-7C73D08089AF}.Release|Any CPU.Build.0 = Release|Any CPU
	EndGlobalSection
	GlobalSection(SolutionProperties) = preSolution
		HideSolutionNode = FALSE
	EndGlobalSection
EndGlobal
