
Microsoft Visual Studio Solution File, Format Version 12.00
# Visual Studio 15
VisualStudioVersion = 15.0.26124.0
MinimumVisualStudioVersion = 15.0.26124.0
Project("{FAE04EC0-301F-11D3-BF4B-00C04F79EFBC}") = "CSharpx", "src/CSharpx/CSharpx.csproj", "{2F3B15E9-0A38-4B2C-8304-78566D1BC3ED}"
EndProject
Project("{FAE04EC0-301F-11D3-BF4B-00C04F79EFBC}") = "CSharpx.Specs", "tests/CSharpx.Specs/CSharpx.Specs.csproj", "{BBDB5904-5A75-49E7-A57E-EB92E32A7527}"
EndProject
Global
	GlobalSection(SolutionConfigurationPlatforms) = preSolution
		Debug|Any CPU = Debug|Any CPU
		Debug|x64 = Debug|x64
		Debug|x86 = Debug|x86
		Release|Any CPU = Release|Any CPU
		Release|x64 = Release|x64
		Release|x86 = Release|x86
	EndGlobalSection
	GlobalSection(SolutionProperties) = preSolution
		HideSolutionNode = FALSE
	EndGlobalSection
	GlobalSection(ProjectConfigurationPlatforms) = postSolution
		{2F3B15E9-0A38-4B2C-8304-78566D1BC3ED}.Debug|Any CPU.ActiveCfg = Debug|Any CPU
		{2F3B15E9-0A38-4B2C-8304-78566D1BC3ED}.Debug|Any CPU.Build.0 = Debug|Any CPU
		{2F3B15E9-0A38-4B2C-8304-78566D1BC3ED}.Debug|x64.ActiveCfg = Debug|Any CPU
		{2F3B15E9-0A38-4B2C-8304-78566D1BC3ED}.Debug|x64.Build.0 = Debug|Any CPU
		{2F3B15E9-0A38-4B2C-8304-78566D1BC3ED}.Debug|x86.ActiveCfg = Debug|Any CPU
		{2F3B15E9-0A38-4B2C-8304-78566D1BC3ED}.Debug|x86.Build.0 = Debug|Any CPU
		{2F3B15E9-0A38-4B2C-8304-78566D1BC3ED}.Release|Any CPU.ActiveCfg = Release|Any CPU
		{2F3B15E9-0A38-4B2C-8304-78566D1BC3ED}.Release|Any CPU.Build.0 = Release|Any CPU
		{2F3B15E9-0A38-4B2C-8304-78566D1BC3ED}.Release|x64.ActiveCfg = Release|Any CPU
		{2F3B15E9-0A38-4B2C-8304-78566D1BC3ED}.Release|x64.Build.0 = Release|Any CPU
		{2F3B15E9-0A38-4B2C-8304-78566D1BC3ED}.Release|x86.ActiveCfg = Release|Any CPU
		{2F3B15E9-0A38-4B2C-8304-78566D1BC3ED}.Release|x86.Build.0 = Release|Any CPU
		{BBDB5904-5A75-49E7-A57E-EB92E32A7527}.Debug|Any CPU.ActiveCfg = Debug|Any CPU
		{BBDB5904-5A75-49E7-A57E-EB92E32A7527}.Debug|Any CPU.Build.0 = Debug|Any CPU
		{BBDB5904-5A75-49E7-A57E-EB92E32A7527}.Debug|x64.ActiveCfg = Debug|Any CPU
		{BBDB5904-5A75-49E7-A57E-EB92E32A7527}.Debug|x64.Build.0 = Debug|Any CPU
		{BBDB5904-5A75-49E7-A57E-EB92E32A7527}.Debug|x86.ActiveCfg = Debug|Any CPU
		{BBDB5904-5A75-49E7-A57E-EB92E32A7527}.Debug|x86.Build.0 = Debug|Any CPU
		{BBDB5904-5A75-49E7-A57E-EB92E32A7527}.Release|Any CPU.ActiveCfg = Release|Any CPU
		{BBDB5904-5A75-49E7-A57E-EB92E32A7527}.Release|Any CPU.Build.0 = Release|Any CPU
		{BBDB5904-5A75-49E7-A57E-EB92E32A7527}.Release|x64.ActiveCfg = Release|Any CPU
		{BBDB5904-5A75-49E7-A57E-EB92E32A7527}.Release|x64.Build.0 = Release|Any CPU
		{BBDB5904-5A75-49E7-A57E-EB92E32A7527}.Release|x86.ActiveCfg = Release|Any CPU
		{BBDB5904-5A75-49E7-A57E-EB92E32A7527}.Release|x86.Build.0 = Release|Any CPU
	EndGlobalSection
EndGlobal
